
Microsoft Visual Studio Solution File, Format Version 12.00
# Visual Studio Version 17
VisualStudioVersion = 17.10.35004.147
MinimumVisualStudioVersion = 10.0.40219.1
Project("{FAE04EC0-301F-11D3-BF4B-00C04F79EFBC}") = "CafeteriaMaiMai", "CafeteriaMaiMai\CafeteriaMaiMai.csproj", "{483FD801-D120-42AF-AD4C-20FF99E61368}"
EndProject
Project("{FAE04EC0-301F-11D3-BF4B-00C04F79EFBC}") = "CafeteriaMaiMaiAdmin", "CafeteriaMaiMaiAdmin\CafeteriaMaiMaiAdmin.csproj", "{3D071636-B063-4EF8-816A-4F1B15D2227B}"
EndProject
Project("{FAE04EC0-301F-11D3-BF4B-00C04F79EFBC}") = "CapaDatos", "CapaDatos\CapaDatos.csproj", "{7C63DFD8-AFC7-4C38-A8CE-9CE5967E7C0D}"
EndProject
Project("{FAE04EC0-301F-11D3-BF4B-00C04F79EFBC}") = "CapaEntidad", "CapaEntidad\CapaEntidad.csproj", "{103EDD5E-D4BC-4344-9073-710DE2120381}"
EndProject
Project("{FAE04EC0-301F-11D3-BF4B-00C04F79EFBC}") = "CapaNegocio", "CapaNegocio\CapaNegocio.csproj", "{3E33E864-64E3-4A02-85D5-0BC3EB8C3B57}"
EndProject
Global
	GlobalSection(SolutionConfigurationPlatforms) = preSolution
		Debug|Any CPU = Debug|Any CPU
		Release|Any CPU = Release|Any CPU
	EndGlobalSection
	GlobalSection(ProjectConfigurationPlatforms) = postSolution
		{483FD801-D120-42AF-AD4C-20FF99E61368}.Debug|Any CPU.ActiveCfg = Debug|Any CPU
		{483FD801-D120-42AF-AD4C-20FF99E61368}.Debug|Any CPU.Build.0 = Debug|Any CPU
		{483FD801-D120-42AF-AD4C-20FF99E61368}.Release|Any CPU.ActiveCfg = Release|Any CPU
		{483FD801-D120-42AF-AD4C-20FF99E61368}.Release|Any CPU.Build.0 = Release|Any CPU
		{3D071636-B063-4EF8-816A-4F1B15D2227B}.Debug|Any CPU.ActiveCfg = Debug|Any CPU
		{3D071636-B063-4EF8-816A-4F1B15D2227B}.Debug|Any CPU.Build.0 = Debug|Any CPU
		{3D071636-B063-4EF8-816A-4F1B15D2227B}.Release|Any CPU.ActiveCfg = Release|Any CPU
		{3D071636-B063-4EF8-816A-4F1B15D2227B}.Release|Any CPU.Build.0 = Release|Any CPU
		{7C63DFD8-AFC7-4C38-A8CE-9CE5967E7C0D}.Debug|Any CPU.ActiveCfg = Debug|Any CPU
		{7C63DFD8-AFC7-4C38-A8CE-9CE5967E7C0D}.Debug|Any CPU.Build.0 = Debug|Any CPU
		{7C63DFD8-AFC7-4C38-A8CE-9CE5967E7C0D}.Release|Any CPU.ActiveCfg = Release|Any CPU
		{7C63DFD8-AFC7-4C38-A8CE-9CE5967E7C0D}.Release|Any CPU.Build.0 = Release|Any CPU
		{103EDD5E-D4BC-4344-9073-710DE2120381}.Debug|Any CPU.ActiveCfg = Debug|Any CPU
		{103EDD5E-D4BC-4344-9073-710DE2120381}.Debug|Any CPU.Build.0 = Debug|Any CPU
		{103EDD5E-D4BC-4344-9073-710DE2120381}.Release|Any CPU.ActiveCfg = Release|Any CPU
		{103EDD5E-D4BC-4344-9073-710DE2120381}.Release|Any CPU.Build.0 = Release|Any CPU
		{3E33E864-64E3-4A02-85D5-0BC3EB8C3B57}.Debug|Any CPU.ActiveCfg = Debug|Any CPU
		{3E33E864-64E3-4A02-85D5-0BC3EB8C3B57}.Debug|Any CPU.Build.0 = Debug|Any CPU
		{3E33E864-64E3-4A02-85D5-0BC3EB8C3B57}.Release|Any CPU.ActiveCfg = Release|Any CPU
		{3E33E864-64E3-4A02-85D5-0BC3EB8C3B57}.Release|Any CPU.Build.0 = Release|Any CPU
	EndGlobalSection
	GlobalSection(SolutionProperties) = preSolution
		HideSolutionNode = FALSE
	EndGlobalSection
	GlobalSection(ExtensibilityGlobals) = postSolution
		SolutionGuid = {22D3186C-7B63-470B-A754-8C78962CC6D2}
	EndGlobalSection
EndGlobal
